
Microsoft Visual Studio Solution File, Format Version 12.00
# Visual Studio 15
VisualStudioVersion = 15.0.27703.2018
MinimumVisualStudioVersion = 10.0.40219.1
Project("{9A19103F-16F7-4668-BE54-9A1E7A4F7556}") = "AuthorizeNET", "AuthorizeNET\AuthorizeNET.csproj", "{3F665C7E-A2E2-47E5-A032-E7D2F67AE165}"
EndProject
Global
	GlobalSection(SolutionConfigurationPlatforms) = preSolution
		Debug|Any CPU = Debug|Any CPU
		Release|Any CPU = Release|Any CPU
	EndGlobalSection
	GlobalSection(ProjectConfigurationPlatforms) = postSolution
		{3F665C7E-A2E2-47E5-A032-E7D2F67AE165}.Debug|Any CPU.ActiveCfg = Debug|Any CPU
		{3F665C7E-A2E2-47E5-A032-E7D2F67AE165}.Debug|Any CPU.Build.0 = Debug|Any CPU
		{3F665C7E-A2E2-47E5-A032-E7D2F67AE165}.Release|Any CPU.ActiveCfg = Release|Any CPU
		{3F665C7E-A2E2-47E5-A032-E7D2F67AE165}.Release|Any CPU.Build.0 = Release|Any CPU
	EndGlobalSection
	GlobalSection(SolutionProperties) = preSolution
		HideSolutionNode = FALSE
	EndGlobalSection
	GlobalSection(ExtensibilityGlobals) = postSolution
		SolutionGuid = {4998A08B-F729-405F-B70A-731F53C1983D}
	EndGlobalSection
EndGlobal
